{
  "nodes": {
    "home-manager": {
      "inputs": {
        "nixpkgs": [
          "nixpkgs"
        ],
        "utils": "utils"
      },
      "locked": {
        "lastModified": 1669825171,
        "narHash": "sha256-HxlZHSiRGXnWAFbIJMeujqBe2KgACYx5XDRY0EA9P+4=",
        "owner": "nix-community",
        "repo": "home-manager",
        "rev": "478610aa37c8339eacabfa03f07dacf5574edd47",
        "type": "github"
      },
      "original": {
        "owner": "nix-community",
        "ref": "master",
        "repo": "home-manager",
        "type": "github"
      }
    },
    "nixpkgs": {
      "locked": {
        "lastModified": 1669791787,
        "narHash": "sha256-KBfoA2fOI5+wCrm7PR+j7jHqXeTkVRPQ0m5fcKchyuU=",
        "owner": "NixOS",
        "repo": "nixpkgs",
        "rev": "e76c78d20685a043d23f5f9e0ccd2203997f1fb1",
        "type": "github"
      },
      "original": {
        "id": "nixpkgs",
        "ref": "nixos-unstable",
        "type": "indirect"
      }
    },
    "root": {
      "inputs": {
        "home-manager": "home-manager",
        "nixpkgs": "nixpkgs"
      }
    },
    "utils": {
      "locked": {
        "lastModified": 1667395993,
        "narHash": "sha256-nuEHfE/LcWyuSWnS8t12N1wc105Qtau+/OdUAjtQ0rA=",
        "owner": "numtide",
        "repo": "flake-utils",
        "rev": "5aed5285a952e0b949eb3ba02c12fa4fcfef535f",
        "type": "github"
      },
      "original": {
        "owner": "numtide",
        "repo": "flake-utils",
        "type": "github"
      }
    }
  },
  "root": "root",
  "version": 7
}
